
Microsoft Visual Studio Solution File, Format Version 12.00
# Visual Studio 14
VisualStudioVersion = 14.0.23107.0
MinimumVisualStudioVersion = 10.0.40219.1
Project("{FAE04EC0-301F-11D3-BF4B-00C04F79EFBC}") = "RecyclerView", "RecyclerView\RecyclerView\RecyclerView.csproj", "{D2DA9E42-BAEF-4615-8D26-BE3DDEA87486}"
EndProject
Project("{FAE04EC0-301F-11D3-BF4B-00C04F79EFBC}") = "RecyclerView.iOS", "RecyclerView\RecyclerView.iOS\RecyclerView.iOS.csproj", "{0AF82238-5074-4FCF-A280-CC46FD8FF25C}"
EndProject
Project("{FAE04EC0-301F-11D3-BF4B-00C04F79EFBC}") = "RecyclerView.Droid", "RecyclerView\RecyclerView.Droid\RecyclerView.Droid.csproj", "{EBA4843E-1090-42CB-A14E-4D5180E07879}"
EndProject
Project("{FAE04EC0-301F-11D3-BF4B-00C04F79EFBC}") = "RecyclerView.WinPhone", "RecyclerView\RecyclerView.WinPhone\RecyclerView.WinPhone.csproj", "{E11666BF-AA99-42E1-8886-BB5958838FA0}"
EndProject
Global
	GlobalSection(SolutionConfigurationPlatforms) = preSolution
		Ad-Hoc|Any CPU = Ad-Hoc|Any CPU
		Ad-Hoc|ARM = Ad-Hoc|ARM
		Ad-Hoc|iPhone = Ad-Hoc|iPhone
		Ad-Hoc|iPhoneSimulator = Ad-Hoc|iPhoneSimulator
		Ad-Hoc|x86 = Ad-Hoc|x86
		AppStore|Any CPU = AppStore|Any CPU
		AppStore|ARM = AppStore|ARM
		AppStore|iPhone = AppStore|iPhone
		AppStore|iPhoneSimulator = AppStore|iPhoneSimulator
		AppStore|x86 = AppStore|x86
		Debug|Any CPU = Debug|Any CPU
		Debug|ARM = Debug|ARM
		Debug|iPhone = Debug|iPhone
		Debug|iPhoneSimulator = Debug|iPhoneSimulator
		Debug|x86 = Debug|x86
		Release|Any CPU = Release|Any CPU
		Release|ARM = Release|ARM
		Release|iPhone = Release|iPhone
		Release|iPhoneSimulator = Release|iPhoneSimulator
		Release|x86 = Release|x86
	EndGlobalSection
	GlobalSection(ProjectConfigurationPlatforms) = postSolution
		{D2DA9E42-BAEF-4615-8D26-BE3DDEA87486}.Ad-Hoc|Any CPU.ActiveCfg = Release|Any CPU
		{D2DA9E42-BAEF-4615-8D26-BE3DDEA87486}.Ad-Hoc|Any CPU.Build.0 = Release|Any CPU
		{D2DA9E42-BAEF-4615-8D26-BE3DDEA87486}.Ad-Hoc|ARM.ActiveCfg = Release|Any CPU
		{D2DA9E42-BAEF-4615-8D26-BE3DDEA87486}.Ad-Hoc|ARM.Build.0 = Release|Any CPU
		{D2DA9E42-BAEF-4615-8D26-BE3DDEA87486}.Ad-Hoc|iPhone.ActiveCfg = Release|Any CPU
		{D2DA9E42-BAEF-4615-8D26-BE3DDEA87486}.Ad-Hoc|iPhone.Build.0 = Release|Any CPU
		{D2DA9E42-BAEF-4615-8D26-BE3DDEA87486}.Ad-Hoc|iPhoneSimulator.ActiveCfg = Release|Any CPU
		{D2DA9E42-BAEF-4615-8D26-BE3DDEA87486}.Ad-Hoc|iPhoneSimulator.Build.0 = Release|Any CPU
		{D2DA9E42-BAEF-4615-8D26-BE3DDEA87486}.Ad-Hoc|x86.ActiveCfg = Release|Any CPU
		{D2DA9E42-BAEF-4615-8D26-BE3DDEA87486}.Ad-Hoc|x86.Build.0 = Release|Any CPU
		{D2DA9E42-BAEF-4615-8D26-BE3DDEA87486}.AppStore|Any CPU.ActiveCfg = Release|Any CPU
		{D2DA9E42-BAEF-4615-8D26-BE3DDEA87486}.AppStore|Any CPU.Build.0 = Release|Any CPU
		{D2DA9E42-BAEF-4615-8D26-BE3DDEA87486}.AppStore|ARM.ActiveCfg = Release|Any CPU
		{D2DA9E42-BAEF-4615-8D26-BE3DDEA87486}.AppStore|ARM.Build.0 = Release|Any CPU
		{D2DA9E42-BAEF-4615-8D26-BE3DDEA87486}.AppStore|iPhone.ActiveCfg = Release|Any CPU
		{D2DA9E42-BAEF-4615-8D26-BE3DDEA87486}.AppStore|iPhone.Build.0 = Release|Any CPU
		{D2DA9E42-BAEF-4615-8D26-BE3DDEA87486}.AppStore|iPhoneSimulator.ActiveCfg = Release|Any CPU
		{D2DA9E42-BAEF-4615-8D26-BE3DDEA87486}.AppStore|iPhoneSimulator.Build.0 = Release|Any CPU
		{D2DA9E42-BAEF-4615-8D26-BE3DDEA87486}.AppStore|x86.ActiveCfg = Release|Any CPU
		{D2DA9E42-BAEF-4615-8D26-BE3DDEA87486}.AppStore|x86.Build.0 = Release|Any CPU
		{D2DA9E42-BAEF-4615-8D26-BE3DDEA87486}.Debug|Any CPU.ActiveCfg = Debug|Any CPU
		{D2DA9E42-BAEF-4615-8D26-BE3DDEA87486}.Debug|Any CPU.Build.0 = Debug|Any CPU
		{D2DA9E42-BAEF-4615-8D26-BE3DDEA87486}.Debug|ARM.ActiveCfg = Debug|Any CPU
		{D2DA9E42-BAEF-4615-8D26-BE3DDEA87486}.Debug|ARM.Build.0 = Debug|Any CPU
		{D2DA9E42-BAEF-4615-8D26-BE3DDEA87486}.Debug|iPhone.ActiveCfg = Debug|Any CPU
		{D2DA9E42-BAEF-4615-8D26-BE3DDEA87486}.Debug|iPhone.Build.0 = Debug|Any CPU
		{D2DA9E42-BAEF-4615-8D26-BE3DDEA87486}.Debug|iPhoneSimulator.ActiveCfg = Debug|Any CPU
		{D2DA9E42-BAEF-4615-8D26-BE3DDEA87486}.Debug|iPhoneSimulator.Build.0 = Debug|Any CPU
		{D2DA9E42-BAEF-4615-8D26-BE3DDEA87486}.Debug|x86.ActiveCfg = Debug|Any CPU
		{D2DA9E42-BAEF-4615-8D26-BE3DDEA87486}.Debug|x86.Build.0 = Debug|Any CPU
		{D2DA9E42-BAEF-4615-8D26-BE3DDEA87486}.Release|Any CPU.ActiveCfg = Release|Any CPU
		{D2DA9E42-BAEF-4615-8D26-BE3DDEA87486}.Release|Any CPU.Build.0 = Release|Any CPU
		{D2DA9E42-BAEF-4615-8D26-BE3DDEA87486}.Release|ARM.ActiveCfg = Release|Any CPU
		{D2DA9E42-BAEF-4615-8D26-BE3DDEA87486}.Release|ARM.Build.0 = Release|Any CPU
		{D2DA9E42-BAEF-4615-8D26-BE3DDEA87486}.Release|iPhone.ActiveCfg = Release|Any CPU
		{D2DA9E42-BAEF-4615-8D26-BE3DDEA87486}.Release|iPhone.Build.0 = Release|Any CPU
		{D2DA9E42-BAEF-4615-8D26-BE3DDEA87486}.Release|iPhoneSimulator.ActiveCfg = Release|Any CPU
		{D2DA9E42-BAEF-4615-8D26-BE3DDEA87486}.Release|iPhoneSimulator.Build.0 = Release|Any CPU
		{D2DA9E42-BAEF-4615-8D26-BE3DDEA87486}.Release|x86.ActiveCfg = Release|Any CPU
		{D2DA9E42-BAEF-4615-8D26-BE3DDEA87486}.Release|x86.Build.0 = Release|Any CPU
		{0AF82238-5074-4FCF-A280-CC46FD8FF25C}.Ad-Hoc|Any CPU.ActiveCfg = Ad-Hoc|iPhone
		{0AF82238-5074-4FCF-A280-CC46FD8FF25C}.Ad-Hoc|ARM.ActiveCfg = Ad-Hoc|iPhone
		{0AF82238-5074-4FCF-A280-CC46FD8FF25C}.Ad-Hoc|iPhone.ActiveCfg = Ad-Hoc|iPhone
		{0AF82238-5074-4FCF-A280-CC46FD8FF25C}.Ad-Hoc|iPhone.Build.0 = Ad-Hoc|iPhone
		{0AF82238-5074-4FCF-A280-CC46FD8FF25C}.Ad-Hoc|iPhoneSimulator.ActiveCfg = Ad-Hoc|iPhoneSimulator
		{0AF82238-5074-4FCF-A280-CC46FD8FF25C}.Ad-Hoc|iPhoneSimulator.Build.0 = Ad-Hoc|iPhoneSimulator
		{0AF82238-5074-4FCF-A280-CC46FD8FF25C}.Ad-Hoc|x86.ActiveCfg = Ad-Hoc|iPhone
		{0AF82238-5074-4FCF-A280-CC46FD8FF25C}.AppStore|Any CPU.ActiveCfg = AppStore|iPhone
		{0AF82238-5074-4FCF-A280-CC46FD8FF25C}.AppStore|ARM.ActiveCfg = AppStore|iPhone
		{0AF82238-5074-4FCF-A280-CC46FD8FF25C}.AppStore|iPhone.ActiveCfg = AppStore|iPhone
		{0AF82238-5074-4FCF-A280-CC46FD8FF25C}.AppStore|iPhone.Build.0 = AppStore|iPhone
		{0AF82238-5074-4FCF-A280-CC46FD8FF25C}.AppStore|iPhoneSimulator.ActiveCfg = AppStore|iPhoneSimulator
		{0AF82238-5074-4FCF-A280-CC46FD8FF25C}.AppStore|iPhoneSimulator.Build.0 = AppStore|iPhoneSimulator
		{0AF82238-5074-4FCF-A280-CC46FD8FF25C}.AppStore|x86.ActiveCfg = AppStore|iPhone
		{0AF82238-5074-4FCF-A280-CC46FD8FF25C}.Debug|Any CPU.ActiveCfg = Debug|iPhone
		{0AF82238-5074-4FCF-A280-CC46FD8FF25C}.Debug|ARM.ActiveCfg = Debug|iPhone
		{0AF82238-5074-4FCF-A280-CC46FD8FF25C}.Debug|iPhone.ActiveCfg = Debug|iPhone
		{0AF82238-5074-4FCF-A280-CC46FD8FF25C}.Debug|iPhone.Build.0 = Debug|iPhone
		{0AF82238-5074-4FCF-A280-CC46FD8FF25C}.Debug|iPhoneSimulator.ActiveCfg = Debug|iPhoneSimulator
		{0AF82238-5074-4FCF-A280-CC46FD8FF25C}.Debug|iPhoneSimulator.Build.0 = Debug|iPhoneSimulator
		{0AF82238-5074-4FCF-A280-CC46FD8FF25C}.Debug|x86.ActiveCfg = Debug|iPhone
		{0AF82238-5074-4FCF-A280-CC46FD8FF25C}.Release|Any CPU.ActiveCfg = Release|iPhone
		{0AF82238-5074-4FCF-A280-CC46FD8FF25C}.Release|ARM.ActiveCfg = Release|iPhone
		{0AF82238-5074-4FCF-A280-CC46FD8FF25C}.Release|iPhone.ActiveCfg = Release|iPhone
		{0AF82238-5074-4FCF-A280-CC46FD8FF25C}.Release|iPhone.Build.0 = Release|iPhone
		{0AF82238-5074-4FCF-A280-CC46FD8FF25C}.Release|iPhoneSimulator.ActiveCfg = Release|iPhoneSimulator
		{0AF82238-5074-4FCF-A280-CC46FD8FF25C}.Release|iPhoneSimulator.Build.0 = Release|iPhoneSimulator
		{0AF82238-5074-4FCF-A280-CC46FD8FF25C}.Release|x86.ActiveCfg = Release|iPhone
		{EBA4843E-1090-42CB-A14E-4D5180E07879}.Ad-Hoc|Any CPU.ActiveCfg = Release|Any CPU
		{EBA4843E-1090-42CB-A14E-4D5180E07879}.Ad-Hoc|Any CPU.Build.0 = Release|Any CPU
		{EBA4843E-1090-42CB-A14E-4D5180E07879}.Ad-Hoc|Any CPU.Deploy.0 = Release|Any CPU
		{EBA4843E-1090-42CB-A14E-4D5180E07879}.Ad-Hoc|ARM.ActiveCfg = Release|Any CPU
		{EBA4843E-1090-42CB-A14E-4D5180E07879}.Ad-Hoc|ARM.Build.0 = Release|Any CPU
		{EBA4843E-1090-42CB-A14E-4D5180E07879}.Ad-Hoc|ARM.Deploy.0 = Release|Any CPU
		{EBA4843E-1090-42CB-A14E-4D5180E07879}.Ad-Hoc|iPhone.ActiveCfg = Release|Any CPU
		{EBA4843E-1090-42CB-A14E-4D5180E07879}.Ad-Hoc|iPhone.Build.0 = Release|Any CPU
		{EBA4843E-1090-42CB-A14E-4D5180E07879}.Ad-Hoc|iPhone.Deploy.0 = Release|Any CPU
		{EBA4843E-1090-42CB-A14E-4D5180E07879}.Ad-Hoc|iPhoneSimulator.ActiveCfg = Release|Any CPU
		{EBA4843E-1090-42CB-A14E-4D5180E07879}.Ad-Hoc|iPhoneSimulator.Build.0 = Release|Any CPU
		{EBA4843E-1090-42CB-A14E-4D5180E07879}.Ad-Hoc|iPhoneSimulator.Deploy.0 = Release|Any CPU
		{EBA4843E-1090-42CB-A14E-4D5180E07879}.Ad-Hoc|x86.ActiveCfg = Release|Any CPU
		{EBA4843E-1090-42CB-A14E-4D5180E07879}.Ad-Hoc|x86.Build.0 = Release|Any CPU
		{EBA4843E-1090-42CB-A14E-4D5180E07879}.Ad-Hoc|x86.Deploy.0 = Release|Any CPU
		{EBA4843E-1090-42CB-A14E-4D5180E07879}.AppStore|Any CPU.ActiveCfg = Release|Any CPU
		{EBA4843E-1090-42CB-A14E-4D5180E07879}.AppStore|Any CPU.Build.0 = Release|Any CPU
		{EBA4843E-1090-42CB-A14E-4D5180E07879}.AppStore|Any CPU.Deploy.0 = Release|Any CPU
		{EBA4843E-1090-42CB-A14E-4D5180E07879}.AppStore|ARM.ActiveCfg = Release|Any CPU
		{EBA4843E-1090-42CB-A14E-4D5180E07879}.AppStore|ARM.Build.0 = Release|Any CPU
		{EBA4843E-1090-42CB-A14E-4D5180E07879}.AppStore|ARM.Deploy.0 = Release|Any CPU
		{EBA4843E-1090-42CB-A14E-4D5180E07879}.AppStore|iPhone.ActiveCfg = Release|Any CPU
		{EBA4843E-1090-42CB-A14E-4D5180E07879}.AppStore|iPhone.Build.0 = Release|Any CPU
		{EBA4843E-1090-42CB-A14E-4D5180E07879}.AppStore|iPhone.Deploy.0 = Release|Any CPU
		{EBA4843E-1090-42CB-A14E-4D5180E07879}.AppStore|iPhoneSimulator.ActiveCfg = Release|Any CPU
		{EBA4843E-1090-42CB-A14E-4D5180E07879}.AppStore|iPhoneSimulator.Build.0 = Release|Any CPU
		{EBA4843E-1090-42CB-A14E-4D5180E07879}.AppStore|iPhoneSimulator.Deploy.0 = Release|Any CPU
		{EBA4843E-1090-42CB-A14E-4D5180E07879}.AppStore|x86.ActiveCfg = Release|Any CPU
		{EBA4843E-1090-42CB-A14E-4D5180E07879}.AppStore|x86.Build.0 = Release|Any CPU
		{EBA4843E-1090-42CB-A14E-4D5180E07879}.AppStore|x86.Deploy.0 = Release|Any CPU
		{EBA4843E-1090-42CB-A14E-4D5180E07879}.Debug|Any CPU.ActiveCfg = Debug|Any CPU
		{EBA4843E-1090-42CB-A14E-4D5180E07879}.Debug|Any CPU.Build.0 = Debug|Any CPU
		{EBA4843E-1090-42CB-A14E-4D5180E07879}.Debug|Any CPU.Deploy.0 = Debug|Any CPU
		{EBA4843E-1090-42CB-A14E-4D5180E07879}.Debug|ARM.ActiveCfg = Debug|Any CPU
		{EBA4843E-1090-42CB-A14E-4D5180E07879}.Debug|ARM.Build.0 = Debug|Any CPU
		{EBA4843E-1090-42CB-A14E-4D5180E07879}.Debug|ARM.Deploy.0 = Debug|Any CPU
		{EBA4843E-1090-42CB-A14E-4D5180E07879}.Debug|iPhone.ActiveCfg = Debug|Any CPU
		{EBA4843E-1090-42CB-A14E-4D5180E07879}.Debug|iPhone.Build.0 = Debug|Any CPU
		{EBA4843E-1090-42CB-A14E-4D5180E07879}.Debug|iPhone.Deploy.0 = Debug|Any CPU
		{EBA4843E-1090-42CB-A14E-4D5180E07879}.Debug|iPhoneSimulator.ActiveCfg = Debug|Any CPU
		{EBA4843E-1090-42CB-A14E-4D5180E07879}.Debug|iPhoneSimulator.Build.0 = Debug|Any CPU
		{EBA4843E-1090-42CB-A14E-4D5180E07879}.Debug|iPhoneSimulator.Deploy.0 = Debug|Any CPU
		{EBA4843E-1090-42CB-A14E-4D5180E07879}.Debug|x86.ActiveCfg = Debug|Any CPU
		{EBA4843E-1090-42CB-A14E-4D5180E07879}.Debug|x86.Build.0 = Debug|Any CPU
		{EBA4843E-1090-42CB-A14E-4D5180E07879}.Debug|x86.Deploy.0 = Debug|Any CPU
		{EBA4843E-1090-42CB-A14E-4D5180E07879}.Release|Any CPU.ActiveCfg = Release|Any CPU
		{EBA4843E-1090-42CB-A14E-4D5180E07879}.Release|Any CPU.Build.0 = Release|Any CPU
		{EBA4843E-1090-42CB-A14E-4D5180E07879}.Release|Any CPU.Deploy.0 = Release|Any CPU
		{EBA4843E-1090-42CB-A14E-4D5180E07879}.Release|ARM.ActiveCfg = Release|Any CPU
		{EBA4843E-1090-42CB-A14E-4D5180E07879}.Release|ARM.Build.0 = Release|Any CPU
		{EBA4843E-1090-42CB-A14E-4D5180E07879}.Release|ARM.Deploy.0 = Release|Any CPU
		{EBA4843E-1090-42CB-A14E-4D5180E07879}.Release|iPhone.ActiveCfg = Release|Any CPU
		{EBA4843E-1090-42CB-A14E-4D5180E07879}.Release|iPhone.Build.0 = Release|Any CPU
		{EBA4843E-1090-42CB-A14E-4D5180E07879}.Release|iPhone.Deploy.0 = Release|Any CPU
		{EBA4843E-1090-42CB-A14E-4D5180E07879}.Release|iPhoneSimulator.ActiveCfg = Release|Any CPU
		{EBA4843E-1090-42CB-A14E-4D5180E07879}.Release|iPhoneSimulator.Build.0 = Release|Any CPU
		{EBA4843E-1090-42CB-A14E-4D5180E07879}.Release|iPhoneSimulator.Deploy.0 = Release|Any CPU
		{EBA4843E-1090-42CB-A14E-4D5180E07879}.Release|x86.ActiveCfg = Release|Any CPU
		{EBA4843E-1090-42CB-A14E-4D5180E07879}.Release|x86.Build.0 = Release|Any CPU
		{EBA4843E-1090-42CB-A14E-4D5180E07879}.Release|x86.Deploy.0 = Release|Any CPU
		{E11666BF-AA99-42E1-8886-BB5958838FA0}.Ad-Hoc|Any CPU.ActiveCfg = Release|Any CPU
		{E11666BF-AA99-42E1-8886-BB5958838FA0}.Ad-Hoc|Any CPU.Build.0 = Release|Any CPU
		{E11666BF-AA99-42E1-8886-BB5958838FA0}.Ad-Hoc|Any CPU.Deploy.0 = Release|Any CPU
		{E11666BF-AA99-42E1-8886-BB5958838FA0}.Ad-Hoc|ARM.ActiveCfg = Release|ARM
		{E11666BF-AA99-42E1-8886-BB5958838FA0}.Ad-Hoc|ARM.Build.0 = Release|ARM
		{E11666BF-AA99-42E1-8886-BB5958838FA0}.Ad-Hoc|ARM.Deploy.0 = Release|ARM
		{E11666BF-AA99-42E1-8886-BB5958838FA0}.Ad-Hoc|iPhone.ActiveCfg = Release|Any CPU
		{E11666BF-AA99-42E1-8886-BB5958838FA0}.Ad-Hoc|iPhone.Build.0 = Release|Any CPU
		{E11666BF-AA99-42E1-8886-BB5958838FA0}.Ad-Hoc|iPhone.Deploy.0 = Release|Any CPU
		{E11666BF-AA99-42E1-8886-BB5958838FA0}.Ad-Hoc|iPhoneSimulator.ActiveCfg = Release|Any CPU
		{E11666BF-AA99-42E1-8886-BB5958838FA0}.Ad-Hoc|iPhoneSimulator.Build.0 = Release|Any CPU
		{E11666BF-AA99-42E1-8886-BB5958838FA0}.Ad-Hoc|iPhoneSimulator.Deploy.0 = Release|Any CPU
		{E11666BF-AA99-42E1-8886-BB5958838FA0}.Ad-Hoc|x86.ActiveCfg = Release|x86
		{E11666BF-AA99-42E1-8886-BB5958838FA0}.Ad-Hoc|x86.Build.0 = Release|x86
		{E11666BF-AA99-42E1-8886-BB5958838FA0}.Ad-Hoc|x86.Deploy.0 = Release|x86
		{E11666BF-AA99-42E1-8886-BB5958838FA0}.AppStore|Any CPU.ActiveCfg = Release|Any CPU
		{E11666BF-AA99-42E1-8886-BB5958838FA0}.AppStore|Any CPU.Build.0 = Release|Any CPU
		{E11666BF-AA99-42E1-8886-BB5958838FA0}.AppStore|Any CPU.Deploy.0 = Release|Any CPU
		{E11666BF-AA99-42E1-8886-BB5958838FA0}.AppStore|ARM.ActiveCfg = Release|ARM
		{E11666BF-AA99-42E1-8886-BB5958838FA0}.AppStore|ARM.Build.0 = Release|ARM
		{E11666BF-AA99-42E1-8886-BB5958838FA0}.AppStore|ARM.Deploy.0 = Release|ARM
		{E11666BF-AA99-42E1-8886-BB5958838FA0}.AppStore|iPhone.ActiveCfg = Release|Any CPU
		{E11666BF-AA99-42E1-8886-BB5958838FA0}.AppStore|iPhone.Build.0 = Release|Any CPU
		{E11666BF-AA99-42E1-8886-BB5958838FA0}.AppStore|iPhone.Deploy.0 = Release|Any CPU
		{E11666BF-AA99-42E1-8886-BB5958838FA0}.AppStore|iPhoneSimulator.ActiveCfg = Release|Any CPU
		{E11666BF-AA99-42E1-8886-BB5958838FA0}.AppStore|iPhoneSimulator.Build.0 = Release|Any CPU
		{E11666BF-AA99-42E1-8886-BB5958838FA0}.AppStore|iPhoneSimulator.Deploy.0 = Release|Any CPU
		{E11666BF-AA99-42E1-8886-BB5958838FA0}.AppStore|x86.ActiveCfg = Release|x86
		{E11666BF-AA99-42E1-8886-BB5958838FA0}.AppStore|x86.Build.0 = Release|x86
		{E11666BF-AA99-42E1-8886-BB5958838FA0}.AppStore|x86.Deploy.0 = Release|x86
		{E11666BF-AA99-42E1-8886-BB5958838FA0}.Debug|Any CPU.ActiveCfg = Debug|Any CPU
		{E11666BF-AA99-42E1-8886-BB5958838FA0}.Debug|Any CPU.Build.0 = Debug|Any CPU
		{E11666BF-AA99-42E1-8886-BB5958838FA0}.Debug|Any CPU.Deploy.0 = Debug|Any CPU
		{E11666BF-AA99-42E1-8886-BB5958838FA0}.Debug|ARM.ActiveCfg = Debug|ARM
		{E11666BF-AA99-42E1-8886-BB5958838FA0}.Debug|ARM.Build.0 = Debug|ARM
		{E11666BF-AA99-42E1-8886-BB5958838FA0}.Debug|ARM.Deploy.0 = Debug|ARM
		{E11666BF-AA99-42E1-8886-BB5958838FA0}.Debug|iPhone.ActiveCfg = Debug|Any CPU
		{E11666BF-AA99-42E1-8886-BB5958838FA0}.Debug|iPhone.Build.0 = Debug|Any CPU
		{E11666BF-AA99-42E1-8886-BB5958838FA0}.Debug|iPhone.Deploy.0 = Debug|Any CPU
		{E11666BF-AA99-42E1-8886-BB5958838FA0}.Debug|iPhoneSimulator.ActiveCfg = Debug|Any CPU
		{E11666BF-AA99-42E1-8886-BB5958838FA0}.Debug|iPhoneSimulator.Build.0 = Debug|Any CPU
		{E11666BF-AA99-42E1-8886-BB5958838FA0}.Debug|iPhoneSimulator.Deploy.0 = Debug|Any CPU
		{E11666BF-AA99-42E1-8886-BB5958838FA0}.Debug|x86.ActiveCfg = Debug|x86
		{E11666BF-AA99-42E1-8886-BB5958838FA0}.Debug|x86.Build.0 = Debug|x86
		{E11666BF-AA99-42E1-8886-BB5958838FA0}.Debug|x86.Deploy.0 = Debug|x86
		{E11666BF-AA99-42E1-8886-BB5958838FA0}.Release|Any CPU.ActiveCfg = Release|Any CPU
		{E11666BF-AA99-42E1-8886-BB5958838FA0}.Release|Any CPU.Build.0 = Release|Any CPU
		{E11666BF-AA99-42E1-8886-BB5958838FA0}.Release|Any CPU.Deploy.0 = Release|Any CPU
		{E11666BF-AA99-42E1-8886-BB5958838FA0}.Release|ARM.ActiveCfg = Release|ARM
		{E11666BF-AA99-42E1-8886-BB5958838FA0}.Release|ARM.Build.0 = Release|ARM
		{E11666BF-AA99-42E1-8886-BB5958838FA0}.Release|ARM.Deploy.0 = Release|ARM
		{E11666BF-AA99-42E1-8886-BB5958838FA0}.Release|iPhone.ActiveCfg = Release|Any CPU
		{E11666BF-AA99-42E1-8886-BB5958838FA0}.Release|iPhone.Build.0 = Release|Any CPU
		{E11666BF-AA99-42E1-8886-BB5958838FA0}.Release|iPhone.Deploy.0 = Release|Any CPU
		{E11666BF-AA99-42E1-8886-BB5958838FA0}.Release|iPhoneSimulator.ActiveCfg = Release|Any CPU
		{E11666BF-AA99-42E1-8886-BB5958838FA0}.Release|iPhoneSimulator.Build.0 = Release|Any CPU
		{E11666BF-AA99-42E1-8886-BB5958838FA0}.Release|iPhoneSimulator.Deploy.0 = Release|Any CPU
		{E11666BF-AA99-42E1-8886-BB5958838FA0}.Release|x86.ActiveCfg = Release|x86
		{E11666BF-AA99-42E1-8886-BB5958838FA0}.Release|x86.Build.0 = Release|x86
		{E11666BF-AA99-42E1-8886-BB5958838FA0}.Release|x86.Deploy.0 = Release|x86
	EndGlobalSection
	GlobalSection(SolutionProperties) = preSolution
		HideSolutionNode = FALSE
	EndGlobalSection
EndGlobal
